// !$*UTF8*$!
{
	archiveVersion = 1;
	classes = {
	};
	objectVersion = 46;
	objects = {

/* Begin PBXBuildFile section */
		531B769D18827C950088986E /* Movie.m in Sources */ = {isa = PBXBuildFile; fileRef = 531B769C18827C950088986E /* Movie.m */; };
		531B76A21883365B0088986E /* MovieCell.m in Sources */ = {isa = PBXBuildFile; fileRef = 531B76A11883365B0088986E /* MovieCell.m */; };
		53E020ED1880BA6700FB5DF7 /* Foundation.framework in Frameworks */ = {isa = PBXBuildFile; fileRef = 53E020EC1880BA6700FB5DF7 /* Foundation.framework */; };
		53E020EF1880BA6700FB5DF7 /* CoreGraphics.framework in Frameworks */ = {isa = PBXBuildFile; fileRef = 53E020EE1880BA6700FB5DF7 /* CoreGraphics.framework */; };
		53E020F11880BA6700FB5DF7 /* UIKit.framework in Frameworks */ = {isa = PBXBuildFile; fileRef = 53E020F01880BA6700FB5DF7 /* UIKit.framework */; };
		53E020F71880BA6700FB5DF7 /* InfoPlist.strings in Resources */ = {isa = PBXBuildFile; fileRef = 53E020F51880BA6700FB5DF7 /* InfoPlist.strings */; };
		53E020F91880BA6700FB5DF7 /* main.m in Sources */ = {isa = PBXBuildFile; fileRef = 53E020F81880BA6700FB5DF7 /* main.m */; };
		53E020FD1880BA6700FB5DF7 /* AppDelegate.m in Sources */ = {isa = PBXBuildFile; fileRef = 53E020FC1880BA6700FB5DF7 /* AppDelegate.m */; };
		53E021001880BA6700FB5DF7 /* Main.storyboard in Resources */ = {isa = PBXBuildFile; fileRef = 53E020FE1880BA6700FB5DF7 /* Main.storyboard */; };
		53E021051880BA6700FB5DF7 /* Images.xcassets in Resources */ = {isa = PBXBuildFile; fileRef = 53E021041880BA6700FB5DF7 /* Images.xcassets */; };
		53E0210C1880BA6700FB5DF7 /* XCTest.framework in Frameworks */ = {isa = PBXBuildFile; fileRef = 53E0210B1880BA6700FB5DF7 /* XCTest.framework */; };
		53E0210D1880BA6700FB5DF7 /* Foundation.framework in Frameworks */ = {isa = PBXBuildFile; fileRef = 53E020EC1880BA6700FB5DF7 /* Foundation.framework */; };
		53E0210E1880BA6700FB5DF7 /* UIKit.framework in Frameworks */ = {isa = PBXBuildFile; fileRef = 53E020F01880BA6700FB5DF7 /* UIKit.framework */; };
		53E021161880BA6700FB5DF7 /* InfoPlist.strings in Resources */ = {isa = PBXBuildFile; fileRef = 53E021141880BA6700FB5DF7 /* InfoPlist.strings */; };
		53E021181880BA6700FB5DF7 /* tomatoesTests.m in Sources */ = {isa = PBXBuildFile; fileRef = 53E021171880BA6700FB5DF7 /* tomatoesTests.m */; };
		53E021261880CEC100FB5DF7 /* MovieViewController.m in Sources */ = {isa = PBXBuildFile; fileRef = 53E021251880CEC100FB5DF7 /* MovieViewController.m */; };
		53E021291880D00A00FB5DF7 /* MovieListViewController.m in Sources */ = {isa = PBXBuildFile; fileRef = 53E021281880D00A00FB5DF7 /* MovieListViewController.m */; };
		7A48DB6EBFC84587BEF0FB8A /* libPods.a in Frameworks */ = {isa = PBXBuildFile; fileRef = 83D358A227C642278FF36AB9 /* libPods.a */; };
/* End PBXBuildFile section */

/* Begin PBXContainerItemProxy section */
		53E0210F1880BA6700FB5DF7 /* PBXContainerItemProxy */ = {
			isa = PBXContainerItemProxy;
			containerPortal = 53E020E11880BA6700FB5DF7 /* Project object */;
			proxyType = 1;
			remoteGlobalIDString = 53E020E81880BA6700FB5DF7;
			remoteInfo = tomatoes;
		};
/* End PBXContainerItemProxy section */

/* Begin PBXFileReference section */
		531B769B18827C950088986E /* Movie.h */ = {isa = PBXFileReference; fileEncoding = 4; lastKnownFileType = sourcecode.c.h; path = Movie.h; sourceTree = "<group>"; };
		531B769C18827C950088986E /* Movie.m */ = {isa = PBXFileReference; fileEncoding = 4; lastKnownFileType = sourcecode.c.objc; path = Movie.m; sourceTree = "<group>"; };
		531B76A01883365B0088986E /* MovieCell.h */ = {isa = PBXFileReference; fileEncoding = 4; lastKnownFileType = sourcecode.c.h; path = MovieCell.h; sourceTree = "<group>"; };
		531B76A11883365B0088986E /* MovieCell.m */ = {isa = PBXFileReference; fileEncoding = 4; lastKnownFileType = sourcecode.c.objc; path = MovieCell.m; sourceTree = "<group>"; };
		53E020E91880BA6700FB5DF7 /* tomatoes.app */ = {isa = PBXFileReference; explicitFileType = wrapper.application; includeInIndex = 0; path = tomatoes.app; sourceTree = BUILT_PRODUCTS_DIR; };
		53E020EC1880BA6700FB5DF7 /* Foundation.framework */ = {isa = PBXFileReference; lastKnownFileType = wrapper.framework; name = Foundation.framework; path = System/Library/Frameworks/Foundation.framework; sourceTree = SDKROOT; };
		53E020EE1880BA6700FB5DF7 /* CoreGraphics.framework */ = {isa = PBXFileReference; lastKnownFileType = wrapper.framework; name = CoreGraphics.framework; path = System/Library/Frameworks/CoreGraphics.framework; sourceTree = SDKROOT; };
		53E020F01880BA6700FB5DF7 /* UIKit.framework */ = {isa = PBXFileReference; lastKnownFileType = wrapper.framework; name = UIKit.framework; path = System/Library/Frameworks/UIKit.framework; sourceTree = SDKROOT; };
		53E020F41880BA6700FB5DF7 /* tomatoes-Info.plist */ = {isa = PBXFileReference; lastKnownFileType = text.plist.xml; path = "tomatoes-Info.plist"; sourceTree = "<group>"; };
		53E020F61880BA6700FB5DF7 /* en */ = {isa = PBXFileReference; lastKnownFileType = text.plist.strings; name = en; path = en.lproj/InfoPlist.strings; sourceTree = "<group>"; };
		53E020F81880BA6700FB5DF7 /* main.m */ = {isa = PBXFileReference; lastKnownFileType = sourcecode.c.objc; path = main.m; sourceTree = "<group>"; };
		53E020FA1880BA6700FB5DF7 /* tomatoes-Prefix.pch */ = {isa = PBXFileReference; lastKnownFileType = sourcecode.c.h; path = "tomatoes-Prefix.pch"; sourceTree = "<group>"; };
		53E020FB1880BA6700FB5DF7 /* AppDelegate.h */ = {isa = PBXFileReference; lastKnownFileType = sourcecode.c.h; path = AppDelegate.h; sourceTree = "<group>"; };
		53E020FC1880BA6700FB5DF7 /* AppDelegate.m */ = {isa = PBXFileReference; lastKnownFileType = sourcecode.c.objc; path = AppDelegate.m; sourceTree = "<group>"; };
		53E020FF1880BA6700FB5DF7 /* Base */ = {isa = PBXFileReference; lastKnownFileType = file.storyboard; name = Base; path = Base.lproj/Main.storyboard; sourceTree = "<group>"; };
		53E021041880BA6700FB5DF7 /* Images.xcassets */ = {isa = PBXFileReference; lastKnownFileType = folder.assetcatalog; path = Images.xcassets; sourceTree = "<group>"; };
		53E0210A1880BA6700FB5DF7 /* tomatoesTests.xctest */ = {isa = PBXFileReference; explicitFileType = wrapper.cfbundle; includeInIndex = 0; path = tomatoesTests.xctest; sourceTree = BUILT_PRODUCTS_DIR; };
		53E0210B1880BA6700FB5DF7 /* XCTest.framework */ = {isa = PBXFileReference; lastKnownFileType = wrapper.framework; name = XCTest.framework; path = Library/Frameworks/XCTest.framework; sourceTree = DEVELOPER_DIR; };
		53E021131880BA6700FB5DF7 /* tomatoesTests-Info.plist */ = {isa = PBXFileReference; lastKnownFileType = text.plist.xml; path = "tomatoesTests-Info.plist"; sourceTree = "<group>"; };
		53E021151880BA6700FB5DF7 /* en */ = {isa = PBXFileReference; lastKnownFileType = text.plist.strings; name = en; path = en.lproj/InfoPlist.strings; sourceTree = "<group>"; };
		53E021171880BA6700FB5DF7 /* tomatoesTests.m */ = {isa = PBXFileReference; lastKnownFileType = sourcecode.c.objc; path = tomatoesTests.m; sourceTree = "<group>"; };
		53E021241880CEC100FB5DF7 /* MovieViewController.h */ = {isa = PBXFileReference; fileEncoding = 4; lastKnownFileType = sourcecode.c.h; path = MovieViewController.h; sourceTree = "<group>"; };
		53E021251880CEC100FB5DF7 /* MovieViewController.m */ = {isa = PBXFileReference; fileEncoding = 4; lastKnownFileType = sourcecode.c.objc; path = MovieViewController.m; sourceTree = "<group>"; };
		53E021271880D00A00FB5DF7 /* MovieListViewController.h */ = {isa = PBXFileReference; fileEncoding = 4; lastKnownFileType = sourcecode.c.h; path = MovieListViewController.h; sourceTree = "<group>"; };
		53E021281880D00A00FB5DF7 /* MovieListViewController.m */ = {isa = PBXFileReference; fileEncoding = 4; lastKnownFileType = sourcecode.c.objc; path = MovieListViewController.m; sourceTree = "<group>"; };
		5A2348A99FD74F72871D1675 /* Pods.xcconfig */ = {isa = PBXFileReference; includeInIndex = 1; lastKnownFileType = text.xcconfig; name = Pods.xcconfig; path = Pods/Pods.xcconfig; sourceTree = "<group>"; };
		83D358A227C642278FF36AB9 /* libPods.a */ = {isa = PBXFileReference; explicitFileType = archive.ar; includeInIndex = 0; path = libPods.a; sourceTree = BUILT_PRODUCTS_DIR; };
/* End PBXFileReference section */

/* Begin PBXFrameworksBuildPhase section */
		53E020E61880BA6700FB5DF7 /* Frameworks */ = {
			isa = PBXFrameworksBuildPhase;
			buildActionMask = 2147483647;
			files = (
				53E020EF1880BA6700FB5DF7 /* CoreGraphics.framework in Frameworks */,
				53E020F11880BA6700FB5DF7 /* UIKit.framework in Frameworks */,
				53E020ED1880BA6700FB5DF7 /* Foundation.framework in Frameworks */,
				7A48DB6EBFC84587BEF0FB8A /* libPods.a in Frameworks */,
			);
			runOnlyForDeploymentPostprocessing = 0;
		};
		53E021071880BA6700FB5DF7 /* Frameworks */ = {
			isa = PBXFrameworksBuildPhase;
			buildActionMask = 2147483647;
			files = (
				53E0210C1880BA6700FB5DF7 /* XCTest.framework in Frameworks */,
				53E0210E1880BA6700FB5DF7 /* UIKit.framework in Frameworks */,
				53E0210D1880BA6700FB5DF7 /* Foundation.framework in Frameworks */,
			);
			runOnlyForDeploymentPostprocessing = 0;
		};
/* End PBXFrameworksBuildPhase section */

/* Begin PBXGroup section */
		531B769E18827E980088986E /* model */ = {
			isa = PBXGroup;
			children = (
				531B769B18827C950088986E /* Movie.h */,
				531B769C18827C950088986E /* Movie.m */,
			);
			name = model;
			sourceTree = "<group>";
		};
		531B769F1883278D0088986E /* controller */ = {
			isa = PBXGroup;
			children = (
				53E021271880D00A00FB5DF7 /* MovieListViewController.h */,
				53E021281880D00A00FB5DF7 /* MovieListViewController.m */,
				53E021241880CEC100FB5DF7 /* MovieViewController.h */,
				53E021251880CEC100FB5DF7 /* MovieViewController.m */,
			);
			name = controller;
			sourceTree = "<group>";
		};
		53E020E01880BA6700FB5DF7 = {
			isa = PBXGroup;
			children = (
				53E020F21880BA6700FB5DF7 /* tomatoes */,
				53E021111880BA6700FB5DF7 /* tomatoesTests */,
				53E020EB1880BA6700FB5DF7 /* Frameworks */,
				53E020EA1880BA6700FB5DF7 /* Products */,
				5A2348A99FD74F72871D1675 /* Pods.xcconfig */,
			);
			sourceTree = "<group>";
		};
		53E020EA1880BA6700FB5DF7 /* Products */ = {
			isa = PBXGroup;
			children = (
				53E020E91880BA6700FB5DF7 /* tomatoes.app */,
				53E0210A1880BA6700FB5DF7 /* tomatoesTests.xctest */,
			);
			name = Products;
			sourceTree = "<group>";
		};
		53E020EB1880BA6700FB5DF7 /* Frameworks */ = {
			isa = PBXGroup;
			children = (
				53E020EC1880BA6700FB5DF7 /* Foundation.framework */,
				53E020EE1880BA6700FB5DF7 /* CoreGraphics.framework */,
				53E020F01880BA6700FB5DF7 /* UIKit.framework */,
				53E0210B1880BA6700FB5DF7 /* XCTest.framework */,
				83D358A227C642278FF36AB9 /* libPods.a */,
			);
			name = Frameworks;
			sourceTree = "<group>";
		};
		53E020F21880BA6700FB5DF7 /* tomatoes */ = {
			isa = PBXGroup;
			children = (
				531B769F1883278D0088986E /* controller */,
				531B769E18827E980088986E /* model */,
				53E020FB1880BA6700FB5DF7 /* AppDelegate.h */,
				53E020FC1880BA6700FB5DF7 /* AppDelegate.m */,
				53E020FE1880BA6700FB5DF7 /* Main.storyboard */,
				53E021041880BA6700FB5DF7 /* Images.xcassets */,
				53E020F31880BA6700FB5DF7 /* Supporting Files */,
				531B76A01883365B0088986E /* MovieCell.h */,
				531B76A11883365B0088986E /* MovieCell.m */,
			);
			path = tomatoes;
			sourceTree = "<group>";
		};
		53E020F31880BA6700FB5DF7 /* Supporting Files */ = {
			isa = PBXGroup;
			children = (
				53E020F41880BA6700FB5DF7 /* tomatoes-Info.plist */,
				53E020F51880BA6700FB5DF7 /* InfoPlist.strings */,
				53E020F81880BA6700FB5DF7 /* main.m */,
				53E020FA1880BA6700FB5DF7 /* tomatoes-Prefix.pch */,
			);
			name = "Supporting Files";
			sourceTree = "<group>";
		};
		53E021111880BA6700FB5DF7 /* tomatoesTests */ = {
			isa = PBXGroup;
			children = (
				53E021171880BA6700FB5DF7 /* tomatoesTests.m */,
				53E021121880BA6700FB5DF7 /* Supporting Files */,
			);
			path = tomatoesTests;
			sourceTree = "<group>";
		};
		53E021121880BA6700FB5DF7 /* Supporting Files */ = {
			isa = PBXGroup;
			children = (
				53E021131880BA6700FB5DF7 /* tomatoesTests-Info.plist */,
				53E021141880BA6700FB5DF7 /* InfoPlist.strings */,
			);
			name = "Supporting Files";
			sourceTree = "<group>";
		};
/* End PBXGroup section */

/* Begin PBXNativeTarget section */
		53E020E81880BA6700FB5DF7 /* tomatoes */ = {
			isa = PBXNativeTarget;
			buildConfigurationList = 53E0211B1880BA6700FB5DF7 /* Build configuration list for PBXNativeTarget "tomatoes" */;
			buildPhases = (
				8916FA93A5184D7FA30A480F /* Check Pods Manifest.lock */,
				53E020E51880BA6700FB5DF7 /* Sources */,
				53E020E61880BA6700FB5DF7 /* Frameworks */,
				53E020E71880BA6700FB5DF7 /* Resources */,
				9276D5C72F394585B56F804F /* Copy Pods Resources */,
			);
			buildRules = (
			);
			dependencies = (
			);
			name = tomatoes;
			productName = tomatoes;
			productReference = 53E020E91880BA6700FB5DF7 /* tomatoes.app */;
			productType = "com.apple.product-type.application";
		};
		53E021091880BA6700FB5DF7 /* tomatoesTests */ = {
			isa = PBXNativeTarget;
			buildConfigurationList = 53E0211E1880BA6700FB5DF7 /* Build configuration list for PBXNativeTarget "tomatoesTests" */;
			buildPhases = (
				53E021061880BA6700FB5DF7 /* Sources */,
				53E021071880BA6700FB5DF7 /* Frameworks */,
				53E021081880BA6700FB5DF7 /* Resources */,
			);
			buildRules = (
			);
			dependencies = (
				53E021101880BA6700FB5DF7 /* PBXTargetDependency */,
			);
			name = tomatoesTests;
			productName = tomatoesTests;
			productReference = 53E0210A1880BA6700FB5DF7 /* tomatoesTests.xctest */;
			productType = "com.apple.product-type.bundle.unit-test";
		};
/* End PBXNativeTarget section */

/* Begin PBXProject section */
		53E020E11880BA6700FB5DF7 /* Project object */ = {
			isa = PBXProject;
			attributes = {
				LastUpgradeCheck = 0500;
				ORGANIZATIONNAME = codepath;
				TargetAttributes = {
					53E021091880BA6700FB5DF7 = {
						TestTargetID = 53E020E81880BA6700FB5DF7;
					};
				};
			};
			buildConfigurationList = 53E020E41880BA6700FB5DF7 /* Build configuration list for PBXProject "tomatoes" */;
			compatibilityVersion = "Xcode 3.2";
			developmentRegion = English;
			hasScannedForEncodings = 0;
			knownRegions = (
				en,
				Base,
			);
			mainGroup = 53E020E01880BA6700FB5DF7;
			productRefGroup = 53E020EA1880BA6700FB5DF7 /* Products */;
			projectDirPath = "";
			projectRoot = "";
			targets = (
				53E020E81880BA6700FB5DF7 /* tomatoes */,
				53E021091880BA6700FB5DF7 /* tomatoesTests */,
			);
		};
/* End PBXProject section */

/* Begin PBXResourcesBuildPhase section */
		53E020E71880BA6700FB5DF7 /* Resources */ = {
			isa = PBXResourcesBuildPhase;
			buildActionMask = 2147483647;
			files = (
				53E021051880BA6700FB5DF7 /* Images.xcassets in Resources */,
				53E020F71880BA6700FB5DF7 /* InfoPlist.strings in Resources */,
				53E021001880BA6700FB5DF7 /* Main.storyboard in Resources */,
			);
			runOnlyForDeploymentPostprocessing = 0;
		};
		53E021081880BA6700FB5DF7 /* Resources */ = {
			isa = PBXResourcesBuildPhase;
			buildActionMask = 2147483647;
			files = (
				53E021161880BA6700FB5DF7 /* InfoPlist.strings in Resources */,
			);
			runOnlyForDeploymentPostprocessing = 0;
		};
/* End PBXResourcesBuildPhase section */

/* Begin PBXShellScriptBuildPhase section */
		8916FA93A5184D7FA30A480F /* Check Pods Manifest.lock */ = {
			isa = PBXShellScriptBuildPhase;
			buildActionMask = 2147483647;
			files = (
			);
			inputPaths = (
			);
			name = "Check Pods Manifest.lock";
			outputPaths = (
			);
			runOnlyForDeploymentPostprocessing = 0;
			shellPath = /bin/sh;
			shellScript = "diff \"${PODS_ROOT}/../Podfile.lock\" \"${PODS_ROOT}/Manifest.lock\" > /dev/null\nif [[ $? != 0 ]] ; then\n    cat << EOM\nerror: The sandbox is not in sync with the Podfile.lock. Run 'pod install' or update your CocoaPods installation.\nEOM\n    exit 1\nfi\n";
			showEnvVarsInLog = 0;
		};
		9276D5C72F394585B56F804F /* Copy Pods Resources */ = {
			isa = PBXShellScriptBuildPhase;
			buildActionMask = 2147483647;
			files = (
			);
			inputPaths = (
			);
			name = "Copy Pods Resources";
			outputPaths = (
			);
			runOnlyForDeploymentPostprocessing = 0;
			shellPath = /bin/sh;
			shellScript = "\"${SRCROOT}/Pods/Pods-resources.sh\"\n";
			showEnvVarsInLog = 0;
		};
/* End PBXShellScriptBuildPhase section */

/* Begin PBXSourcesBuildPhase section */
		53E020E51880BA6700FB5DF7 /* Sources */ = {
			isa = PBXSourcesBuildPhase;
			buildActionMask = 2147483647;
			files = (
				53E020FD1880BA6700FB5DF7 /* AppDelegate.m in Sources */,
				53E021291880D00A00FB5DF7 /* MovieListViewController.m in Sources */,
				531B76A21883365B0088986E /* MovieCell.m in Sources */,
				531B769D18827C950088986E /* Movie.m in Sources */,
				53E020F91880BA6700FB5DF7 /* main.m in Sources */,
				53E021261880CEC100FB5DF7 /* MovieViewController.m in Sources */,
			);
			runOnlyForDeploymentPostprocessing = 0;
		};
		53E021061880BA6700FB5DF7 /* Sources */ = {
			isa = PBXSourcesBuildPhase;
			buildActionMask = 2147483647;
			files = (
				53E021181880BA6700FB5DF7 /* tomatoesTests.m in Sources */,
			);
			runOnlyForDeploymentPostprocessing = 0;
		};
/* End PBXSourcesBuildPhase section */

/* Begin PBXTargetDependency section */
		53E021101880BA6700FB5DF7 /* PBXTargetDependency */ = {
			isa = PBXTargetDependency;
			target = 53E020E81880BA6700FB5DF7 /* tomatoes */;
			targetProxy = 53E0210F1880BA6700FB5DF7 /* PBXContainerItemProxy */;
		};
/* End PBXTargetDependency section */

/* Begin PBXVariantGroup section */
		53E020F51880BA6700FB5DF7 /* InfoPlist.strings */ = {
			isa = PBXVariantGroup;
			children = (
				53E020F61880BA6700FB5DF7 /* en */,
			);
			name = InfoPlist.strings;
			sourceTree = "<group>";
		};
		53E020FE1880BA6700FB5DF7 /* Main.storyboard */ = {
			isa = PBXVariantGroup;
			children = (
				53E020FF1880BA6700FB5DF7 /* Base */,
			);
			name = Main.storyboard;
			sourceTree = "<group>";
		};
		53E021141880BA6700FB5DF7 /* InfoPlist.strings */ = {
			isa = PBXVariantGroup;
			children = (
				53E021151880BA6700FB5DF7 /* en */,
			);
			name = InfoPlist.strings;
			sourceTree = "<group>";
		};
/* End PBXVariantGroup section */

/* Begin XCBuildConfiguration section */
		53E021191880BA6700FB5DF7 /* Debug */ = {
			isa = XCBuildConfiguration;
			buildSettings = {
				ALWAYS_SEARCH_USER_PATHS = NO;
				ARCHS = "$(ARCHS_STANDARD_INCLUDING_64_BIT)";
				CLANG_CXX_LANGUAGE_STANDARD = "gnu++0x";
				CLANG_CXX_LIBRARY = "libc++";
				CLANG_ENABLE_MODULES = YES;
				CLANG_ENABLE_OBJC_ARC = YES;
				CLANG_WARN_BOOL_CONVERSION = YES;
				CLANG_WARN_CONSTANT_CONVERSION = YES;
				CLANG_WARN_DIRECT_OBJC_ISA_USAGE = YES_ERROR;
				CLANG_WARN_EMPTY_BODY = YES;
				CLANG_WARN_ENUM_CONVERSION = YES;
				CLANG_WARN_INT_CONVERSION = YES;
				CLANG_WARN_OBJC_ROOT_CLASS = YES_ERROR;
				CLANG_WARN__DUPLICATE_METHOD_MATCH = YES;
				"CODE_SIGN_IDENTITY[sdk=iphoneos*]" = "iPhone Developer";
				COPY_PHASE_STRIP = NO;
				GCC_C_LANGUAGE_STANDARD = gnu99;
				GCC_DYNAMIC_NO_PIC = NO;
				GCC_OPTIMIZATION_LEVEL = 0;
				GCC_PREPROCESSOR_DEFINITIONS = (
					"DEBUG=1",
					"$(inherited)",
				);
				GCC_SYMBOLS_PRIVATE_EXTERN = NO;
				GCC_WARN_64_TO_32_BIT_CONVERSION = YES;
				GCC_WARN_ABOUT_RETURN_TYPE = YES_ERROR;
				GCC_WARN_UNDECLARED_SELECTOR = YES;
				GCC_WARN_UNINITIALIZED_AUTOS = YES;
				GCC_WARN_UNUSED_FUNCTION = YES;
				GCC_WARN_UNUSED_VARIABLE = YES;
				IPHONEOS_DEPLOYMENT_TARGET = 7.0;
				ONLY_ACTIVE_ARCH = YES;
				SDKROOT = iphoneos;
			};
			name = Debug;
		};
		53E0211A1880BA6700FB5DF7 /* Release */ = {
			isa = XCBuildConfiguration;
			buildSettings = {
				ALWAYS_SEARCH_USER_PATHS = NO;
				ARCHS = "$(ARCHS_STANDARD_INCLUDING_64_BIT)";
				CLANG_CXX_LANGUAGE_STANDARD = "gnu++0x";
				CLANG_CXX_LIBRARY = "libc++";
				CLANG_ENABLE_MODULES = YES;
				CLANG_ENABLE_OBJC_ARC = YES;
				CLANG_WARN_BOOL_CONVERSION = YES;
				CLANG_WARN_CONSTANT_CONVERSION = YES;
				CLANG_WARN_DIRECT_OBJC_ISA_USAGE = YES_ERROR;
				CLANG_WARN_EMPTY_BODY = YES;
				CLANG_WARN_ENUM_CONVERSION = YES;
				CLANG_WARN_INT_CONVERSION = YES;
				CLANG_WARN_OBJC_ROOT_CLASS = YES_ERROR;
				CLANG_WARN__DUPLICATE_METHOD_MATCH = YES;
				"CODE_SIGN_IDENTITY[sdk=iphoneos*]" = "iPhone Developer";
				COPY_PHASE_STRIP = YES;
				ENABLE_NS_ASSERTIONS = NO;
				GCC_C_LANGUAGE_STANDARD = gnu99;
				GCC_WARN_64_TO_32_BIT_CONVERSION = YES;
				GCC_WARN_ABOUT_RETURN_TYPE = YES_ERROR;
				GCC_WARN_UNDECLARED_SELECTOR = YES;
				GCC_WARN_UNINITIALIZED_AUTOS = YES;
				GCC_WARN_UNUSED_FUNCTION = YES;
				GCC_WARN_UNUSED_VARIABLE = YES;
				IPHONEOS_DEPLOYMENT_TARGET = 7.0;
				SDKROOT = iphoneos;
				VALIDATE_PRODUCT = YES;
			};
			name = Release;
		};
		53E0211C1880BA6700FB5DF7 /* Debug */ = {
			isa = XCBuildConfiguration;
			baseConfigurationReference = 5A2348A99FD74F72871D1675 /* Pods.xcconfig */;
			buildSettings = {
				ASSETCATALOG_COMPILER_APPICON_NAME = AppIcon;
				ASSETCATALOG_COMPILER_LAUNCHIMAGE_NAME = LaunchImage;
				GCC_PRECOMPILE_PREFIX_HEADER = YES;
				GCC_PREFIX_HEADER = "tomatoes/tomatoes-Prefix.pch";
				INFOPLIST_FILE = "tomatoes/tomatoes-Info.plist";
				PRODUCT_NAME = "$(TARGET_NAME)";
				WRAPPER_EXTENSION = app;
			};
			name = Debug;
		};
		53E0211D1880BA6700FB5DF7 /* Release */ = {
			isa = XCBuildConfiguration;
			baseConfigurationReference = 5A2348A99FD74F72871D1675 /* Pods.xcconfig */;
			buildSettings = {
				ASSETCATALOG_COMPILER_APPICON_NAME = AppIcon;
				ASSETCATALOG_COMPILER_LAUNCHIMAGE_NAME = LaunchImage;
				GCC_PRECOMPILE_PREFIX_HEADER = YES;
				GCC_PREFIX_HEADER = "tomatoes/tomatoes-Prefix.pch";
				INFOPLIST_FILE = "tomatoes/tomatoes-Info.plist";
				PRODUCT_NAME = "$(TARGET_NAME)";
				WRAPPER_EXTENSION = app;
			};
			name = Release;
		};
		53E0211F1880BA6700FB5DF7 /* Debug */ = {
			isa = XCBuildConfiguration;
			buildSettings = {
				ARCHS = "$(ARCHS_STANDARD_INCLUDING_64_BIT)";
				BUNDLE_LOADER = "$(BUILT_PRODUCTS_DIR)/tomatoes.app/tomatoes";
				FRAMEWORK_SEARCH_PATHS = (
					"$(SDKROOT)/Developer/Library/Frameworks",
					"$(inherited)",
					"$(DEVELOPER_FRAMEWORKS_DIR)",
				);
				GCC_PRECOMPILE_PREFIX_HEADER = YES;
				GCC_PREFIX_HEADER = "tomatoes/tomatoes-Prefix.pch";
				GCC_PREPROCESSOR_DEFINITIONS = (
					"DEBUG=1",
					"$(inherited)",
				);
				INFOPLIST_FILE = "tomatoesTests/tomatoesTests-Info.plist";
				PRODUCT_NAME = "$(TARGET_NAME)";
				TEST_HOST = "$(BUNDLE_LOADER)";
				WRAPPER_EXTENSION = xctest;
			};
			name = Debug;
		};
		53E021201880BA6700FB5DF7 /* Release */ = {
			isa = XCBuildConfiguration;
			buildSettings = {
				ARCHS = "$(ARCHS_STANDARD_INCLUDING_64_BIT)";
				BUNDLE_LOADER = "$(BUILT_PRODUCTS_DIR)/tomatoes.app/tomatoes";
				FRAMEWORK_SEARCH_PATHS = (
					"$(SDKROOT)/Developer/Library/Frameworks",
					"$(inherited)",
					"$(DEVELOPER_FRAMEWORKS_DIR)",
				);
				GCC_PRECOMPILE_PREFIX_HEADER = YES;
				GCC_PREFIX_HEADER = "tomatoes/tomatoes-Prefix.pch";
				INFOPLIST_FILE = "tomatoesTests/tomatoesTests-Info.plist";
				PRODUCT_NAME = "$(TARGET_NAME)";
				TEST_HOST = "$(BUNDLE_LOADER)";
				WRAPPER_EXTENSION = xctest;
			};
			name = Release;
		};
/* End XCBuildConfiguration section */

/* Begin XCConfigurationList section */
		53E020E41880BA6700FB5DF7 /* Build configuration list for PBXProject "tomatoes" */ = {
			isa = XCConfigurationList;
			buildConfigurations = (
				53E021191880BA6700FB5DF7 /* Debug */,
				53E0211A1880BA6700FB5DF7 /* Release */,
			);
			defaultConfigurationIsVisible = 0;
			defaultConfigurationName = Release;
		};
		53E0211B1880BA6700FB5DF7 /* Build configuration list for PBXNativeTarget "tomatoes" */ = {
			isa = XCConfigurationList;
			buildConfigurations = (
				53E0211C1880BA6700FB5DF7 /* Debug */,
				53E0211D1880BA6700FB5DF7 /* Release */,
			);
			defaultConfigurationIsVisible = 0;
			defaultConfigurationName = Release;
		};
		53E0211E1880BA6700FB5DF7 /* Build configuration list for PBXNativeTarget "tomatoesTests" */ = {
			isa = XCConfigurationList;
			buildConfigurations = (
				53E0211F1880BA6700FB5DF7 /* Debug */,
				53E021201880BA6700FB5DF7 /* Release */,
			);
			defaultConfigurationIsVisible = 0;
			defaultConfigurationName = Release;
		};
/* End XCConfigurationList section */
	};
	rootObject = 53E020E11880BA6700FB5DF7 /* Project object */;
}
